
Microsoft Visual Studio Solution File, Format Version 12.00
# Visual Studio Version 16
VisualStudioVersion = 16.0.31424.327
MinimumVisualStudioVersion = 10.0.40219.1
Project("{FAE04EC0-301F-11D3-BF4B-00C04F79EFBC}") = "CalendarioPrestamo", "CalendarioPrestamo\CalendarioPrestamo.csproj", "{DFC22DCE-878C-49D2-9A3E-95478797AAAA}"
EndProject
Project("{FAE04EC0-301F-11D3-BF4B-00C04F79EFBC}") = "Domain", "Domain\Domain.csproj", "{C51A8840-EF92-4C09-9811-FB5E3984D1D4}"
EndProject
Project("{FAE04EC0-301F-11D3-BF4B-00C04F79EFBC}") = "Infraestructura", "Infraestructura\Infraestructura.csproj", "{03A62F59-1805-4321-BAC5-A07E54F25D15}"
EndProject
Project("{FAE04EC0-301F-11D3-BF4B-00C04F79EFBC}") = "AppCore", "AppCore\AppCore.csproj", "{B981AFF6-11C2-4843-BD1E-8092E5D9F286}"
EndProject
Global
	GlobalSection(SolutionConfigurationPlatforms) = preSolution
		Debug|Any CPU = Debug|Any CPU
		Release|Any CPU = Release|Any CPU
	EndGlobalSection
	GlobalSection(ProjectConfigurationPlatforms) = postSolution
		{DFC22DCE-878C-49D2-9A3E-95478797AAAA}.Debug|Any CPU.ActiveCfg = Debug|Any CPU
		{DFC22DCE-878C-49D2-9A3E-95478797AAAA}.Debug|Any CPU.Build.0 = Debug|Any CPU
		{DFC22DCE-878C-49D2-9A3E-95478797AAAA}.Release|Any CPU.ActiveCfg = Release|Any CPU
		{DFC22DCE-878C-49D2-9A3E-95478797AAAA}.Release|Any CPU.Build.0 = Release|Any CPU
		{C51A8840-EF92-4C09-9811-FB5E3984D1D4}.Debug|Any CPU.ActiveCfg = Debug|Any CPU
		{C51A8840-EF92-4C09-9811-FB5E3984D1D4}.Debug|Any CPU.Build.0 = Debug|Any CPU
		{C51A8840-EF92-4C09-9811-FB5E3984D1D4}.Release|Any CPU.ActiveCfg = Release|Any CPU
		{C51A8840-EF92-4C09-9811-FB5E3984D1D4}.Release|Any CPU.Build.0 = Release|Any CPU
		{03A62F59-1805-4321-BAC5-A07E54F25D15}.Debug|Any CPU.ActiveCfg = Debug|Any CPU
		{03A62F59-1805-4321-BAC5-A07E54F25D15}.Debug|Any CPU.Build.0 = Debug|Any CPU
		{03A62F59-1805-4321-BAC5-A07E54F25D15}.Release|Any CPU.ActiveCfg = Release|Any CPU
		{03A62F59-1805-4321-BAC5-A07E54F25D15}.Release|Any CPU.Build.0 = Release|Any CPU
		{B981AFF6-11C2-4843-BD1E-8092E5D9F286}.Debug|Any CPU.ActiveCfg = Debug|Any CPU
		{B981AFF6-11C2-4843-BD1E-8092E5D9F286}.Debug|Any CPU.Build.0 = Debug|Any CPU
		{B981AFF6-11C2-4843-BD1E-8092E5D9F286}.Release|Any CPU.ActiveCfg = Release|Any CPU
		{B981AFF6-11C2-4843-BD1E-8092E5D9F286}.Release|Any CPU.Build.0 = Release|Any CPU
	EndGlobalSection
	GlobalSection(SolutionProperties) = preSolution
		HideSolutionNode = FALSE
	EndGlobalSection
	GlobalSection(ExtensibilityGlobals) = postSolution
		SolutionGuid = {66596A2A-BBC0-4F07-96A1-70F180D1D21F}
	EndGlobalSection
EndGlobal
